// !$*UTF8*$!
{
	archiveVersion = 1;
	classes = {
	};
	objectVersion = 50;
	objects = {

/* Begin PBXBuildFile section */
		452B0160237E4C84000FCE44 /* ZFPreviewView.m in Sources */ = {isa = PBXBuildFile; fileRef = 452B015F237E4C84000FCE44 /* ZFPreviewView.m */; };
		454312E8244B429300C9CFD8 /* AppDelegate.m in Sources */ = {isa = PBXBuildFile; fileRef = 454312E7244B429300C9CFD8 /* AppDelegate.m */; };
		454312EB244B429300C9CFD8 /* ViewController.m in Sources */ = {isa = PBXBuildFile; fileRef = 454312EA244B429300C9CFD8 /* ViewController.m */; };
		454312ED244B429400C9CFD8 /* Assets.xcassets in Resources */ = {isa = PBXBuildFile; fileRef = 454312EC244B429400C9CFD8 /* Assets.xcassets */; };
		454312F0244B429400C9CFD8 /* Main.storyboard in Resources */ = {isa = PBXBuildFile; fileRef = 454312EE244B429400C9CFD8 /* Main.storyboard */; };
		454312F3244B429400C9CFD8 /* main.m in Sources */ = {isa = PBXBuildFile; fileRef = 454312F2244B429400C9CFD8 /* main.m */; };
		454312FB244B43F400C9CFD8 /* video.fs in Resources */ = {isa = PBXBuildFile; fileRef = 45D6625824474F6D00443672 /* video.fs */; };
		454312FC244B43F400C9CFD8 /* video.vs in Resources */ = {isa = PBXBuildFile; fileRef = 45D6626124474F6D00443672 /* video.vs */; };
		454312FF244B4B8400C9CFD8 /* ZFVideoRecorder.m in Sources */ = {isa = PBXBuildFile; fileRef = 45F150692374505E00933E6A /* ZFVideoRecorder.m */; };
		45431307244B4C0600C9CFD8 /* libyuv.h in Headers */ = {isa = PBXBuildFile; fileRef = 45431306244B4C0600C9CFD8 /* libyuv.h */; };
		45431352244B4C4000C9CFD8 /* compare_mmi.cc in Sources */ = {isa = PBXBuildFile; fileRef = 4559F44B24497CEA00525ADD /* compare_mmi.cc */; };
		45431353244B4C4000C9CFD8 /* rotate_common.cc in Sources */ = {isa = PBXBuildFile; fileRef = 4559F44C24497CEA00525ADD /* rotate_common.cc */; };
		45431354244B4C4000C9CFD8 /* rotate_any.cc in Sources */ = {isa = PBXBuildFile; fileRef = 4559F44D24497CEA00525ADD /* rotate_any.cc */; };
		45431355244B4C4000C9CFD8 /* rotate.cc in Sources */ = {isa = PBXBuildFile; fileRef = 4559F44E24497CEA00525ADD /* rotate.cc */; };
		45431356244B4C4000C9CFD8 /* row_mmi.cc in Sources */ = {isa = PBXBuildFile; fileRef = 4559F45024497CEA00525ADD /* row_mmi.cc */; };
		45431357244B4C4000C9CFD8 /* scale_gcc.cc in Sources */ = {isa = PBXBuildFile; fileRef = 4559F45124497CEA00525ADD /* scale_gcc.cc */; };
		45431358244B4C4000C9CFD8 /* convert_jpeg.cc in Sources */ = {isa = PBXBuildFile; fileRef = 4559F45424497CEA00525ADD /* convert_jpeg.cc */; };
		45431359244B4C4000C9CFD8 /* compare_win.cc in Sources */ = {isa = PBXBuildFile; fileRef = 4559F45624497CEA00525ADD /* compare_win.cc */; };
		4543135A244B4C4000C9CFD8 /* cpu_id.cc in Sources */ = {isa = PBXBuildFile; fileRef = 4559F45824497CEA00525ADD /* cpu_id.cc */; };
		4543135B244B4C4000C9CFD8 /* row_win.cc in Sources */ = {isa = PBXBuildFile; fileRef = 4559F45924497CEA00525ADD /* row_win.cc */; };
		4543135C244B4C4000C9CFD8 /* mjpeg_decoder.cc in Sources */ = {isa = PBXBuildFile; fileRef = 4559F45A24497CEA00525ADD /* mjpeg_decoder.cc */; };
		4543135D244B4C4000C9CFD8 /* row_neon.cc in Sources */ = {isa = PBXBuildFile; fileRef = 4559F45C24497CEA00525ADD /* row_neon.cc */; };
		4543135E244B4C4000C9CFD8 /* rotate_neon64.cc in Sources */ = {isa = PBXBuildFile; fileRef = 4559F45E24497CEA00525ADD /* rotate_neon64.cc */; };
		4543135F244B4C4000C9CFD8 /* scale.cc in Sources */ = {isa = PBXBuildFile; fileRef = 4559F45F24497CEA00525ADD /* scale.cc */; };
		45431360244B4C4000C9CFD8 /* compare.cc in Sources */ = {isa = PBXBuildFile; fileRef = 4559F46024497CEA00525ADD /* compare.cc */; };
		45431361244B4C4000C9CFD8 /* row_neon64.cc in Sources */ = {isa = PBXBuildFile; fileRef = 4559F46124497CEA00525ADD /* row_neon64.cc */; };
		45431362244B4C4000C9CFD8 /* convert_from_argb.cc in Sources */ = {isa = PBXBuildFile; fileRef = 4559F46224497CEA00525ADD /* convert_from_argb.cc */; };
		45431363244B4C4000C9CFD8 /* compare_msa.cc in Sources */ = {isa = PBXBuildFile; fileRef = 4559F46524497CEA00525ADD /* compare_msa.cc */; };
		45431364244B4C4000C9CFD8 /* planar_functions.cc in Sources */ = {isa = PBXBuildFile; fileRef = 4559F46624497CEA00525ADD /* planar_functions.cc */; };
		45431365244B4C4000C9CFD8 /* row_msa.cc in Sources */ = {isa = PBXBuildFile; fileRef = 4559F46724497CEA00525ADD /* row_msa.cc */; };
		45431366244B4C4000C9CFD8 /* convert_argb.cc in Sources */ = {isa = PBXBuildFile; fileRef = 4559F46824497CEA00525ADD /* convert_argb.cc */; };
		45431367244B4C4000C9CFD8 /* row_common.cc in Sources */ = {isa = PBXBuildFile; fileRef = 4559F46924497CEA00525ADD /* row_common.cc */; };
		45431368244B4C4000C9CFD8 /* scale_any.cc in Sources */ = {isa = PBXBuildFile; fileRef = 4559F46A24497CEA00525ADD /* scale_any.cc */; };
		45431369244B4C4000C9CFD8 /* rotate_gcc.cc in Sources */ = {isa = PBXBuildFile; fileRef = 4559F46B24497CEA00525ADD /* rotate_gcc.cc */; };
		4543136A244B4C4000C9CFD8 /* convert.cc in Sources */ = {isa = PBXBuildFile; fileRef = 4559F46C24497CEA00525ADD /* convert.cc */; };
		4543136B244B4C4000C9CFD8 /* convert_from.cc in Sources */ = {isa = PBXBuildFile; fileRef = 4559F46D24497CEA00525ADD /* convert_from.cc */; };
		4543136C244B4C4000C9CFD8 /* scale_common.cc in Sources */ = {isa = PBXBuildFile; fileRef = 4559F46E24497CEA00525ADD /* scale_common.cc */; };
		4543136D244B4C4000C9CFD8 /* rotate_mmi.cc in Sources */ = {isa = PBXBuildFile; fileRef = 4559F47124497CEA00525ADD /* rotate_mmi.cc */; };
		4543136E244B4C4000C9CFD8 /* row_any.cc in Sources */ = {isa = PBXBuildFile; fileRef = 4559F47324497CEA00525ADD /* row_any.cc */; };
		4543136F244B4C4000C9CFD8 /* convert_to_argb.cc in Sources */ = {isa = PBXBuildFile; fileRef = 4559F47524497CEA00525ADD /* convert_to_argb.cc */; };
		45431370244B4C4000C9CFD8 /* compare_neon.cc in Sources */ = {isa = PBXBuildFile; fileRef = 4559F47724497CEA00525ADD /* compare_neon.cc */; };
		45431371244B4C4000C9CFD8 /* rotate_win.cc in Sources */ = {isa = PBXBuildFile; fileRef = 4559F47824497CEA00525ADD /* rotate_win.cc */; };
		45431372244B4C4000C9CFD8 /* scale_msa.cc in Sources */ = {isa = PBXBuildFile; fileRef = 4559F47A24497CEA00525ADD /* scale_msa.cc */; };
		45431373244B4C4000C9CFD8 /* scale_neon64.cc in Sources */ = {isa = PBXBuildFile; fileRef = 4559F47B24497CEA00525ADD /* scale_neon64.cc */; };
		45431374244B4C4000C9CFD8 /* mjpeg_validate.cc in Sources */ = {isa = PBXBuildFile; fileRef = 4559F47D24497CEA00525ADD /* mjpeg_validate.cc */; };
		45431375244B4C4000C9CFD8 /* scale_win.cc in Sources */ = {isa = PBXBuildFile; fileRef = 4559F47F24497CEA00525ADD /* scale_win.cc */; };
		45431376244B4C4000C9CFD8 /* compare_common.cc in Sources */ = {isa = PBXBuildFile; fileRef = 4559F48024497CEA00525ADD /* compare_common.cc */; };
		45431377244B4C4000C9CFD8 /* rotate_msa.cc in Sources */ = {isa = PBXBuildFile; fileRef = 4559F48124497CEA00525ADD /* rotate_msa.cc */; };
		45431378244B4C4000C9CFD8 /* scale_neon.cc in Sources */ = {isa = PBXBuildFile; fileRef = 4559F48224497CEA00525ADD /* scale_neon.cc */; };
		45431379244B4C4000C9CFD8 /* rotate_neon.cc in Sources */ = {isa = PBXBuildFile; fileRef = 4559F48424497CEA00525ADD /* rotate_neon.cc */; };
		4543137A244B4C4000C9CFD8 /* video_common.cc in Sources */ = {isa = PBXBuildFile; fileRef = 4559F48524497CEA00525ADD /* video_common.cc */; };
		4543137B244B4C4000C9CFD8 /* scale_mmi.cc in Sources */ = {isa = PBXBuildFile; fileRef = 4559F48624497CEA00525ADD /* scale_mmi.cc */; };
		4543137C244B4C4000C9CFD8 /* convert_to_i420.cc in Sources */ = {isa = PBXBuildFile; fileRef = 4559F48824497CEA00525ADD /* convert_to_i420.cc */; };
		4543137D244B4C4000C9CFD8 /* row_gcc.cc in Sources */ = {isa = PBXBuildFile; fileRef = 4559F48924497CEA00525ADD /* row_gcc.cc */; };
		4543137E244B4C4000C9CFD8 /* rotate_argb.cc in Sources */ = {isa = PBXBuildFile; fileRef = 4559F48A24497CEA00525ADD /* rotate_argb.cc */; };
		4543137F244B4C4000C9CFD8 /* compare_gcc.cc in Sources */ = {isa = PBXBuildFile; fileRef = 4559F48B24497CEA00525ADD /* compare_gcc.cc */; };
		45431380244B4C4000C9CFD8 /* compare_neon64.cc in Sources */ = {isa = PBXBuildFile; fileRef = 4559F48C24497CEA00525ADD /* compare_neon64.cc */; };
		45431381244B4C4000C9CFD8 /* scale_argb.cc in Sources */ = {isa = PBXBuildFile; fileRef = 4559F48D24497CEA00525ADD /* scale_argb.cc */; };
		45431383244B4C6A00C9CFD8 /* liblibyuv.dylib in Frameworks */ = {isa = PBXBuildFile; fileRef = 45431304244B4C0600C9CFD8 /* liblibyuv.dylib */; };
		4559F49024497CEA00525ADD /* compare_mmi.cc in Sources */ = {isa = PBXBuildFile; fileRef = 4559F44B24497CEA00525ADD /* compare_mmi.cc */; };
		4559F49124497CEA00525ADD /* rotate_common.cc in Sources */ = {isa = PBXBuildFile; fileRef = 4559F44C24497CEA00525ADD /* rotate_common.cc */; };
		4559F49224497CEA00525ADD /* rotate_any.cc in Sources */ = {isa = PBXBuildFile; fileRef = 4559F44D24497CEA00525ADD /* rotate_any.cc */; };
		4559F49324497CEA00525ADD /* rotate.cc in Sources */ = {isa = PBXBuildFile; fileRef = 4559F44E24497CEA00525ADD /* rotate.cc */; };
		4559F49424497CEA00525ADD /* row_mmi.cc in Sources */ = {isa = PBXBuildFile; fileRef = 4559F45024497CEA00525ADD /* row_mmi.cc */; };
		4559F49524497CEA00525ADD /* scale_gcc.cc in Sources */ = {isa = PBXBuildFile; fileRef = 4559F45124497CEA00525ADD /* scale_gcc.cc */; };
		4559F49624497CEA00525ADD /* convert_jpeg.cc in Sources */ = {isa = PBXBuildFile; fileRef = 4559F45424497CEA00525ADD /* convert_jpeg.cc */; };
		4559F49724497CEA00525ADD /* compare_win.cc in Sources */ = {isa = PBXBuildFile; fileRef = 4559F45624497CEA00525ADD /* compare_win.cc */; };
		4559F49824497CEA00525ADD /* cpu_id.cc in Sources */ = {isa = PBXBuildFile; fileRef = 4559F45824497CEA00525ADD /* cpu_id.cc */; };
		4559F49924497CEA00525ADD /* row_win.cc in Sources */ = {isa = PBXBuildFile; fileRef = 4559F45924497CEA00525ADD /* row_win.cc */; };
		4559F49A24497CEA00525ADD /* mjpeg_decoder.cc in Sources */ = {isa = PBXBuildFile; fileRef = 4559F45A24497CEA00525ADD /* mjpeg_decoder.cc */; };
		4559F49B24497CEA00525ADD /* row_neon.cc in Sources */ = {isa = PBXBuildFile; fileRef = 4559F45C24497CEA00525ADD /* row_neon.cc */; };
		4559F49C24497CEA00525ADD /* rotate_neon64.cc in Sources */ = {isa = PBXBuildFile; fileRef = 4559F45E24497CEA00525ADD /* rotate_neon64.cc */; };
		4559F49D24497CEA00525ADD /* scale.cc in Sources */ = {isa = PBXBuildFile; fileRef = 4559F45F24497CEA00525ADD /* scale.cc */; };
		4559F49E24497CEA00525ADD /* compare.cc in Sources */ = {isa = PBXBuildFile; fileRef = 4559F46024497CEA00525ADD /* compare.cc */; };
		4559F49F24497CEA00525ADD /* row_neon64.cc in Sources */ = {isa = PBXBuildFile; fileRef = 4559F46124497CEA00525ADD /* row_neon64.cc */; };
		4559F4A024497CEA00525ADD /* convert_from_argb.cc in Sources */ = {isa = PBXBuildFile; fileRef = 4559F46224497CEA00525ADD /* convert_from_argb.cc */; };
		4559F4A124497CEA00525ADD /* compare_msa.cc in Sources */ = {isa = PBXBuildFile; fileRef = 4559F46524497CEA00525ADD /* compare_msa.cc */; };
		4559F4A224497CEA00525ADD /* planar_functions.cc in Sources */ = {isa = PBXBuildFile; fileRef = 4559F46624497CEA00525ADD /* planar_functions.cc */; };
		4559F4A324497CEA00525ADD /* row_msa.cc in Sources */ = {isa = PBXBuildFile; fileRef = 4559F46724497CEA00525ADD /* row_msa.cc */; };
		4559F4A424497CEA00525ADD /* convert_argb.cc in Sources */ = {isa = PBXBuildFile; fileRef = 4559F46824497CEA00525ADD /* convert_argb.cc */; };
		4559F4A524497CEA00525ADD /* row_common.cc in Sources */ = {isa = PBXBuildFile; fileRef = 4559F46924497CEA00525ADD /* row_common.cc */; };
		4559F4A624497CEA00525ADD /* scale_any.cc in Sources */ = {isa = PBXBuildFile; fileRef = 4559F46A24497CEA00525ADD /* scale_any.cc */; };
		4559F4A724497CEA00525ADD /* rotate_gcc.cc in Sources */ = {isa = PBXBuildFile; fileRef = 4559F46B24497CEA00525ADD /* rotate_gcc.cc */; };
		4559F4A824497CEA00525ADD /* convert.cc in Sources */ = {isa = PBXBuildFile; fileRef = 4559F46C24497CEA00525ADD /* convert.cc */; };
		4559F4A924497CEA00525ADD /* convert_from.cc in Sources */ = {isa = PBXBuildFile; fileRef = 4559F46D24497CEA00525ADD /* convert_from.cc */; };
		4559F4AA24497CEA00525ADD /* scale_common.cc in Sources */ = {isa = PBXBuildFile; fileRef = 4559F46E24497CEA00525ADD /* scale_common.cc */; };
		4559F4AB24497CEA00525ADD /* rotate_mmi.cc in Sources */ = {isa = PBXBuildFile; fileRef = 4559F47124497CEA00525ADD /* rotate_mmi.cc */; };
		4559F4AC24497CEA00525ADD /* row_any.cc in Sources */ = {isa = PBXBuildFile; fileRef = 4559F47324497CEA00525ADD /* row_any.cc */; };
		4559F4AD24497CEA00525ADD /* convert_to_argb.cc in Sources */ = {isa = PBXBuildFile; fileRef = 4559F47524497CEA00525ADD /* convert_to_argb.cc */; };
		4559F4AE24497CEA00525ADD /* compare_neon.cc in Sources */ = {isa = PBXBuildFile; fileRef = 4559F47724497CEA00525ADD /* compare_neon.cc */; };
		4559F4AF24497CEA00525ADD /* rotate_win.cc in Sources */ = {isa = PBXBuildFile; fileRef = 4559F47824497CEA00525ADD /* rotate_win.cc */; };
		4559F4B024497CEA00525ADD /* scale_msa.cc in Sources */ = {isa = PBXBuildFile; fileRef = 4559F47A24497CEA00525ADD /* scale_msa.cc */; };
		4559F4B124497CEA00525ADD /* scale_neon64.cc in Sources */ = {isa = PBXBuildFile; fileRef = 4559F47B24497CEA00525ADD /* scale_neon64.cc */; };
		4559F4B224497CEA00525ADD /* mjpeg_validate.cc in Sources */ = {isa = PBXBuildFile; fileRef = 4559F47D24497CEA00525ADD /* mjpeg_validate.cc */; };
		4559F4B324497CEA00525ADD /* scale_win.cc in Sources */ = {isa = PBXBuildFile; fileRef = 4559F47F24497CEA00525ADD /* scale_win.cc */; };
		4559F4B424497CEA00525ADD /* compare_common.cc in Sources */ = {isa = PBXBuildFile; fileRef = 4559F48024497CEA00525ADD /* compare_common.cc */; };
		4559F4B524497CEA00525ADD /* rotate_msa.cc in Sources */ = {isa = PBXBuildFile; fileRef = 4559F48124497CEA00525ADD /* rotate_msa.cc */; };
		4559F4B624497CEA00525ADD /* scale_neon.cc in Sources */ = {isa = PBXBuildFile; fileRef = 4559F48224497CEA00525ADD /* scale_neon.cc */; };
		4559F4B724497CEA00525ADD /* rotate_neon.cc in Sources */ = {isa = PBXBuildFile; fileRef = 4559F48424497CEA00525ADD /* rotate_neon.cc */; };
		4559F4B824497CEA00525ADD /* video_common.cc in Sources */ = {isa = PBXBuildFile; fileRef = 4559F48524497CEA00525ADD /* video_common.cc */; };
		4559F4B924497CEA00525ADD /* scale_mmi.cc in Sources */ = {isa = PBXBuildFile; fileRef = 4559F48624497CEA00525ADD /* scale_mmi.cc */; };
		4559F4BA24497CEA00525ADD /* convert_to_i420.cc in Sources */ = {isa = PBXBuildFile; fileRef = 4559F48824497CEA00525ADD /* convert_to_i420.cc */; };
		4559F4BB24497CEA00525ADD /* row_gcc.cc in Sources */ = {isa = PBXBuildFile; fileRef = 4559F48924497CEA00525ADD /* row_gcc.cc */; };
		4559F4BC24497CEA00525ADD /* rotate_argb.cc in Sources */ = {isa = PBXBuildFile; fileRef = 4559F48A24497CEA00525ADD /* rotate_argb.cc */; };
		4559F4BD24497CEA00525ADD /* compare_gcc.cc in Sources */ = {isa = PBXBuildFile; fileRef = 4559F48B24497CEA00525ADD /* compare_gcc.cc */; };
		4559F4BE24497CEA00525ADD /* compare_neon64.cc in Sources */ = {isa = PBXBuildFile; fileRef = 4559F48C24497CEA00525ADD /* compare_neon64.cc */; };
		4559F4BF24497CEA00525ADD /* scale_argb.cc in Sources */ = {isa = PBXBuildFile; fileRef = 4559F48D24497CEA00525ADD /* scale_argb.cc */; };
		45B14797236AECBF0043C54F /* AppDelegate.m in Sources */ = {isa = PBXBuildFile; fileRef = 45B14796236AECBF0043C54F /* AppDelegate.m */; };
		45B1479D236AECBF0043C54F /* ViewController.m in Sources */ = {isa = PBXBuildFile; fileRef = 45B1479C236AECBF0043C54F /* ViewController.m */; };
		45B147A0236AECBF0043C54F /* Main.storyboard in Resources */ = {isa = PBXBuildFile; fileRef = 45B1479E236AECBF0043C54F /* Main.storyboard */; };
		45B147A2236AECC00043C54F /* Assets.xcassets in Resources */ = {isa = PBXBuildFile; fileRef = 45B147A1236AECC00043C54F /* Assets.xcassets */; };
		45B147A5236AECC00043C54F /* LaunchScreen.storyboard in Resources */ = {isa = PBXBuildFile; fileRef = 45B147A3236AECC00043C54F /* LaunchScreen.storyboard */; };
		45B147A8236AECC00043C54F /* main.m in Sources */ = {isa = PBXBuildFile; fileRef = 45B147A7236AECC00043C54F /* main.m */; };
		45D6626224474F6D00443672 /* video.fs in Resources */ = {isa = PBXBuildFile; fileRef = 45D6625824474F6D00443672 /* video.fs */; };
		45D6626724474F6D00443672 /* video.vs in Resources */ = {isa = PBXBuildFile; fileRef = 45D6626124474F6D00443672 /* video.vs */; };
		45D6626A24474F9500443672 /* ZFOpenGLView.m in Sources */ = {isa = PBXBuildFile; fileRef = 45D6626924474F9500443672 /* ZFOpenGLView.m */; };
		45D6626D24474FAA00443672 /* ZFShader.m in Sources */ = {isa = PBXBuildFile; fileRef = 45D6626C24474FAA00443672 /* ZFShader.m */; };
		45F1506A2374505E00933E6A /* ZFVideoRecorder.m in Sources */ = {isa = PBXBuildFile; fileRef = 45F150692374505E00933E6A /* ZFVideoRecorder.m */; };
/* End PBXBuildFile section */

/* Begin PBXFileReference section */
		452B015E237E4C84000FCE44 /* ZFPreviewView.h */ = {isa = PBXFileReference; lastKnownFileType = sourcecode.c.h; path = ZFPreviewView.h; sourceTree = "<group>"; };
		452B015F237E4C84000FCE44 /* ZFPreviewView.m */ = {isa = PBXFileReference; lastKnownFileType = sourcecode.c.objc; path = ZFPreviewView.m; sourceTree = "<group>"; };
		454312C7244B415E00C9CFD8 /* AVCaptureSessionVideoRecorder copy-Info.plist */ = {isa = PBXFileReference; lastKnownFileType = text.plist.xml; name = "AVCaptureSessionVideoRecorder copy-Info.plist"; path = "/Users/zhongfan/Desktop/iOS/AVCaptureSessionVideoRecorder/AVCaptureSessionVideoRecorder copy-Info.plist"; sourceTree = "<absolute>"; };
		454312E4244B429300C9CFD8 /* macOS.app */ = {isa = PBXFileReference; explicitFileType = wrapper.application; includeInIndex = 0; path = macOS.app; sourceTree = BUILT_PRODUCTS_DIR; };
		454312E6244B429300C9CFD8 /* AppDelegate.h */ = {isa = PBXFileReference; lastKnownFileType = sourcecode.c.h; path = AppDelegate.h; sourceTree = "<group>"; };
		454312E7244B429300C9CFD8 /* AppDelegate.m */ = {isa = PBXFileReference; lastKnownFileType = sourcecode.c.objc; path = AppDelegate.m; sourceTree = "<group>"; };
		454312E9244B429300C9CFD8 /* ViewController.h */ = {isa = PBXFileReference; lastKnownFileType = sourcecode.c.h; path = ViewController.h; sourceTree = "<group>"; };
		454312EA244B429300C9CFD8 /* ViewController.m */ = {isa = PBXFileReference; lastKnownFileType = sourcecode.c.objc; path = ViewController.m; sourceTree = "<group>"; };
		454312EC244B429400C9CFD8 /* Assets.xcassets */ = {isa = PBXFileReference; lastKnownFileType = folder.assetcatalog; path = Assets.xcassets; sourceTree = "<group>"; };
		454312EF244B429400C9CFD8 /* Base */ = {isa = PBXFileReference; lastKnownFileType = file.storyboard; name = Base; path = Base.lproj/Main.storyboard; sourceTree = "<group>"; };
		454312F1244B429400C9CFD8 /* Info.plist */ = {isa = PBXFileReference; lastKnownFileType = text.plist.xml; path = Info.plist; sourceTree = "<group>"; };
		454312F2244B429400C9CFD8 /* main.m */ = {isa = PBXFileReference; lastKnownFileType = sourcecode.c.objc; path = main.m; sourceTree = "<group>"; };
		454312F4244B429400C9CFD8 /* macOS.entitlements */ = {isa = PBXFileReference; lastKnownFileType = text.plist.entitlements; path = macOS.entitlements; sourceTree = "<group>"; };
		45431304244B4C0600C9CFD8 /* liblibyuv.dylib */ = {isa = PBXFileReference; explicitFileType = "compiled.mach-o.dylib"; includeInIndex = 0; path = liblibyuv.dylib; sourceTree = BUILT_PRODUCTS_DIR; };
		45431306244B4C0600C9CFD8 /* libyuv.h */ = {isa = PBXFileReference; lastKnownFileType = sourcecode.c.h; path = libyuv.h; sourceTree = "<group>"; };
		45431308244B4C0600C9CFD8 /* libyuv.m */ = {isa = PBXFileReference; lastKnownFileType = sourcecode.c.objc; path = libyuv.m; sourceTree = "<group>"; };
		4559F44B24497CEA00525ADD /* compare_mmi.cc */ = {isa = PBXFileReference; fileEncoding = 4; lastKnownFileType = sourcecode.cpp.cpp; path = compare_mmi.cc; sourceTree = "<group>"; };
		4559F44C24497CEA00525ADD /* rotate_common.cc */ = {isa = PBXFileReference; fileEncoding = 4; lastKnownFileType = sourcecode.cpp.cpp; path = rotate_common.cc; sourceTree = "<group>"; };
		4559F44D24497CEA00525ADD /* rotate_any.cc */ = {isa = PBXFileReference; fileEncoding = 4; lastKnownFileType = sourcecode.cpp.cpp; path = rotate_any.cc; sourceTree = "<group>"; };
		4559F44E24497CEA00525ADD /* rotate.cc */ = {isa = PBXFileReference; fileEncoding = 4; lastKnownFileType = sourcecode.cpp.cpp; path = rotate.cc; sourceTree = "<group>"; };
		4559F44F24497CEA00525ADD /* scale_row.h */ = {isa = PBXFileReference; fileEncoding = 4; lastKnownFileType = sourcecode.c.h; path = scale_row.h; sourceTree = "<group>"; };
		4559F45024497CEA00525ADD /* row_mmi.cc */ = {isa = PBXFileReference; fileEncoding = 4; lastKnownFileType = sourcecode.cpp.cpp; path = row_mmi.cc; sourceTree = "<group>"; };
		4559F45124497CEA00525ADD /* scale_gcc.cc */ = {isa = PBXFileReference; fileEncoding = 4; lastKnownFileType = sourcecode.cpp.cpp; path = scale_gcc.cc; sourceTree = "<group>"; };
		4559F45224497CEA00525ADD /* scale.h */ = {isa = PBXFileReference; fileEncoding = 4; lastKnownFileType = sourcecode.c.h; path = scale.h; sourceTree = "<group>"; };
		4559F45324497CEA00525ADD /* libyuv.h */ = {isa = PBXFileReference; fileEncoding = 4; lastKnownFileType = sourcecode.c.h; path = libyuv.h; sourceTree = "<group>"; };
		4559F45424497CEA00525ADD /* convert_jpeg.cc */ = {isa = PBXFileReference; fileEncoding = 4; lastKnownFileType = sourcecode.cpp.cpp; path = convert_jpeg.cc; sourceTree = "<group>"; };
		4559F45524497CEA00525ADD /* version.h */ = {isa = PBXFileReference; fileEncoding = 4; lastKnownFileType = sourcecode.c.h; path = version.h; sourceTree = "<group>"; };
		4559F45624497CEA00525ADD /* compare_win.cc */ = {isa = PBXFileReference; fileEncoding = 4; lastKnownFileType = sourcecode.cpp.cpp; path = compare_win.cc; sourceTree = "<group>"; };
		4559F45724497CEA00525ADD /* cpu_id.h */ = {isa = PBXFileReference; fileEncoding = 4; lastKnownFileType = sourcecode.c.h; path = cpu_id.h; sourceTree = "<group>"; };
		4559F45824497CEA00525ADD /* cpu_id.cc */ = {isa = PBXFileReference; fileEncoding = 4; lastKnownFileType = sourcecode.cpp.cpp; path = cpu_id.cc; sourceTree = "<group>"; };
		4559F45924497CEA00525ADD /* row_win.cc */ = {isa = PBXFileReference; fileEncoding = 4; lastKnownFileType = sourcecode.cpp.cpp; path = row_win.cc; sourceTree = "<group>"; };
		4559F45A24497CEA00525ADD /* mjpeg_decoder.cc */ = {isa = PBXFileReference; fileEncoding = 4; lastKnownFileType = sourcecode.cpp.cpp; path = mjpeg_decoder.cc; sourceTree = "<group>"; };
		4559F45B24497CEA00525ADD /* video_common.h */ = {isa = PBXFileReference; fileEncoding = 4; lastKnownFileType = sourcecode.c.h; path = video_common.h; sourceTree = "<group>"; };
		4559F45C24497CEA00525ADD /* row_neon.cc */ = {isa = PBXFileReference; fileEncoding = 4; lastKnownFileType = sourcecode.cpp.cpp; path = row_neon.cc; sourceTree = "<group>"; };
		4559F45D24497CEA00525ADD /* compare_row.h */ = {isa = PBXFileReference; fileEncoding = 4; lastKnownFileType = sourcecode.c.h; path = compare_row.h; sourceTree = "<group>"; };
		4559F45E24497CEA00525ADD /* rotate_neon64.cc */ = {isa = PBXFileReference; fileEncoding = 4; lastKnownFileType = sourcecode.cpp.cpp; path = rotate_neon64.cc; sourceTree = "<group>"; };
		4559F45F24497CEA00525ADD /* scale.cc */ = {isa = PBXFileReference; fileEncoding = 4; lastKnownFileType = sourcecode.cpp.cpp; path = scale.cc; sourceTree = "<group>"; };
		4559F46024497CEA00525ADD /* compare.cc */ = {isa = PBXFileReference; fileEncoding = 4; lastKnownFileType = sourcecode.cpp.cpp; path = compare.cc; sourceTree = "<group>"; };
		4559F46124497CEA00525ADD /* row_neon64.cc */ = {isa = PBXFileReference; fileEncoding = 4; lastKnownFileType = sourcecode.cpp.cpp; path = row_neon64.cc; sourceTree = "<group>"; };
		4559F46224497CEA00525ADD /* convert_from_argb.cc */ = {isa = PBXFileReference; fileEncoding = 4; lastKnownFileType = sourcecode.cpp.cpp; path = convert_from_argb.cc; sourceTree = "<group>"; };
		4559F46324497CEA00525ADD /* mjpeg_decoder.h */ = {isa = PBXFileReference; fileEncoding = 4; lastKnownFileType = sourcecode.c.h; path = mjpeg_decoder.h; sourceTree = "<group>"; };
		4559F46424497CEA00525ADD /* rotate_row.h */ = {isa = PBXFileReference; fileEncoding = 4; lastKnownFileType = sourcecode.c.h; path = rotate_row.h; sourceTree = "<group>"; };
		4559F46524497CEA00525ADD /* compare_msa.cc */ = {isa = PBXFileReference; fileEncoding = 4; lastKnownFileType = sourcecode.cpp.cpp; path = compare_msa.cc; sourceTree = "<group>"; };
		4559F46624497CEA00525ADD /* planar_functions.cc */ = {isa = PBXFileReference; fileEncoding = 4; lastKnownFileType = sourcecode.cpp.cpp; path = planar_functions.cc; sourceTree = "<group>"; };
		4559F46724497CEA00525ADD /* row_msa.cc */ = {isa = PBXFileReference; fileEncoding = 4; lastKnownFileType = sourcecode.cpp.cpp; path = row_msa.cc; sourceTree = "<group>"; };
		4559F46824497CEA00525ADD /* convert_argb.cc */ = {isa = PBXFileReference; fileEncoding = 4; lastKnownFileType = sourcecode.cpp.cpp; path = convert_argb.cc; sourceTree = "<group>"; };
		4559F46924497CEA00525ADD /* row_common.cc */ = {isa = PBXFileReference; fileEncoding = 4; lastKnownFileType = sourcecode.cpp.cpp; path = row_common.cc; sourceTree = "<group>"; };
		4559F46A24497CEA00525ADD /* scale_any.cc */ = {isa = PBXFileReference; fileEncoding = 4; lastKnownFileType = sourcecode.cpp.cpp; path = scale_any.cc; sourceTree = "<group>"; };
		4559F46B24497CEA00525ADD /* rotate_gcc.cc */ = {isa = PBXFileReference; fileEncoding = 4; lastKnownFileType = sourcecode.cpp.cpp; path = rotate_gcc.cc; sourceTree = "<group>"; };
		4559F46C24497CEA00525ADD /* convert.cc */ = {isa = PBXFileReference; fileEncoding = 4; lastKnownFileType = sourcecode.cpp.cpp; path = convert.cc; sourceTree = "<group>"; };
		4559F46D24497CEA00525ADD /* convert_from.cc */ = {isa = PBXFileReference; fileEncoding = 4; lastKnownFileType = sourcecode.cpp.cpp; path = convert_from.cc; sourceTree = "<group>"; };
		4559F46E24497CEA00525ADD /* scale_common.cc */ = {isa = PBXFileReference; fileEncoding = 4; lastKnownFileType = sourcecode.cpp.cpp; path = scale_common.cc; sourceTree = "<group>"; };
		4559F46F24497CEA00525ADD /* planar_functions.h */ = {isa = PBXFileReference; fileEncoding = 4; lastKnownFileType = sourcecode.c.h; path = planar_functions.h; sourceTree = "<group>"; };
		4559F47024497CEA00525ADD /* scale_argb.h */ = {isa = PBXFileReference; fileEncoding = 4; lastKnownFileType = sourcecode.c.h; path = scale_argb.h; sourceTree = "<group>"; };
		4559F47124497CEA00525ADD /* rotate_mmi.cc */ = {isa = PBXFileReference; fileEncoding = 4; lastKnownFileType = sourcecode.cpp.cpp; path = rotate_mmi.cc; sourceTree = "<group>"; };
		4559F47224497CEA00525ADD /* compare.h */ = {isa = PBXFileReference; fileEncoding = 4; lastKnownFileType = sourcecode.c.h; path = compare.h; sourceTree = "<group>"; };
		4559F47324497CEA00525ADD /* row_any.cc */ = {isa = PBXFileReference; fileEncoding = 4; lastKnownFileType = sourcecode.cpp.cpp; path = row_any.cc; sourceTree = "<group>"; };
		4559F47424497CEA00525ADD /* convert_argb.h */ = {isa = PBXFileReference; fileEncoding = 4; lastKnownFileType = sourcecode.c.h; path = convert_argb.h; sourceTree = "<group>"; };
		4559F47524497CEA00525ADD /* convert_to_argb.cc */ = {isa = PBXFileReference; fileEncoding = 4; lastKnownFileType = sourcecode.cpp.cpp; path = convert_to_argb.cc; sourceTree = "<group>"; };
		4559F47624497CEA00525ADD /* rotate.h */ = {isa = PBXFileReference; fileEncoding = 4; lastKnownFileType = sourcecode.c.h; path = rotate.h; sourceTree = "<group>"; };
		4559F47724497CEA00525ADD /* compare_neon.cc */ = {isa = PBXFileReference; fileEncoding = 4; lastKnownFileType = sourcecode.cpp.cpp; path = compare_neon.cc; sourceTree = "<group>"; };
		4559F47824497CEA00525ADD /* rotate_win.cc */ = {isa = PBXFileReference; fileEncoding = 4; lastKnownFileType = sourcecode.cpp.cpp; path = rotate_win.cc; sourceTree = "<group>"; };
		4559F47924497CEA00525ADD /* convert_from_argb.h */ = {isa = PBXFileReference; fileEncoding = 4; lastKnownFileType = sourcecode.c.h; path = convert_from_argb.h; sourceTree = "<group>"; };
		4559F47A24497CEA00525ADD /* scale_msa.cc */ = {isa = PBXFileReference; fileEncoding = 4; lastKnownFileType = sourcecode.cpp.cpp; path = scale_msa.cc; sourceTree = "<group>"; };
		4559F47B24497CEA00525ADD /* scale_neon64.cc */ = {isa = PBXFileReference; fileEncoding = 4; lastKnownFileType = sourcecode.cpp.cpp; path = scale_neon64.cc; sourceTree = "<group>"; };
		4559F47C24497CEA00525ADD /* basic_types.h */ = {isa = PBXFileReference; fileEncoding = 4; lastKnownFileType = sourcecode.c.h; path = basic_types.h; sourceTree = "<group>"; };
		4559F47D24497CEA00525ADD /* mjpeg_validate.cc */ = {isa = PBXFileReference; fileEncoding = 4; lastKnownFileType = sourcecode.cpp.cpp; path = mjpeg_validate.cc; sourceTree = "<group>"; };
		4559F47E24497CEA00525ADD /* convert_from.h */ = {isa = PBXFileReference; fileEncoding = 4; lastKnownFileType = sourcecode.c.h; path = convert_from.h; sourceTree = "<group>"; };
		4559F47F24497CEA00525ADD /* scale_win.cc */ = {isa = PBXFileReference; fileEncoding = 4; lastKnownFileType = sourcecode.cpp.cpp; path = scale_win.cc; sourceTree = "<group>"; };
		4559F48024497CEA00525ADD /* compare_common.cc */ = {isa = PBXFileReference; fileEncoding = 4; lastKnownFileType = sourcecode.cpp.cpp; path = compare_common.cc; sourceTree = "<group>"; };
		4559F48124497CEA00525ADD /* rotate_msa.cc */ = {isa = PBXFileReference; fileEncoding = 4; lastKnownFileType = sourcecode.cpp.cpp; path = rotate_msa.cc; sourceTree = "<group>"; };
		4559F48224497CEA00525ADD /* scale_neon.cc */ = {isa = PBXFileReference; fileEncoding = 4; lastKnownFileType = sourcecode.cpp.cpp; path = scale_neon.cc; sourceTree = "<group>"; };
		4559F48324497CEA00525ADD /* convert.h */ = {isa = PBXFileReference; fileEncoding = 4; lastKnownFileType = sourcecode.c.h; path = convert.h; sourceTree = "<group>"; };
		4559F48424497CEA00525ADD /* rotate_neon.cc */ = {isa = PBXFileReference; fileEncoding = 4; lastKnownFileType = sourcecode.cpp.cpp; path = rotate_neon.cc; sourceTree = "<group>"; };
		4559F48524497CEA00525ADD /* video_common.cc */ = {isa = PBXFileReference; fileEncoding = 4; lastKnownFileType = sourcecode.cpp.cpp; path = video_common.cc; sourceTree = "<group>"; };
		4559F48624497CEA00525ADD /* scale_mmi.cc */ = {isa = PBXFileReference; fileEncoding = 4; lastKnownFileType = sourcecode.cpp.cpp; path = scale_mmi.cc; sourceTree = "<group>"; };
		4559F48724497CEA00525ADD /* rotate_argb.h */ = {isa = PBXFileReference; fileEncoding = 4; lastKnownFileType = sourcecode.c.h; path = rotate_argb.h; sourceTree = "<group>"; };
		4559F48824497CEA00525ADD /* convert_to_i420.cc */ = {isa = PBXFileReference; fileEncoding = 4; lastKnownFileType = sourcecode.cpp.cpp; path = convert_to_i420.cc; sourceTree = "<group>"; };
		4559F48924497CEA00525ADD /* row_gcc.cc */ = {isa = PBXFileReference; fileEncoding = 4; lastKnownFileType = sourcecode.cpp.cpp; path = row_gcc.cc; sourceTree = "<group>"; };
		4559F48A24497CEA00525ADD /* rotate_argb.cc */ = {isa = PBXFileReference; fileEncoding = 4; lastKnownFileType = sourcecode.cpp.cpp; path = rotate_argb.cc; sourceTree = "<group>"; };
		4559F48B24497CEA00525ADD /* compare_gcc.cc */ = {isa = PBXFileReference; fileEncoding = 4; lastKnownFileType = sourcecode.cpp.cpp; path = compare_gcc.cc; sourceTree = "<group>"; };
		4559F48C24497CEA00525ADD /* compare_neon64.cc */ = {isa = PBXFileReference; fileEncoding = 4; lastKnownFileType = sourcecode.cpp.cpp; path = compare_neon64.cc; sourceTree = "<group>"; };
		4559F48D24497CEA00525ADD /* scale_argb.cc */ = {isa = PBXFileReference; fileEncoding = 4; lastKnownFileType = sourcecode.cpp.cpp; path = scale_argb.cc; sourceTree = "<group>"; };
		4559F48E24497CEA00525ADD /* macros_msa.h */ = {isa = PBXFileReference; fileEncoding = 4; lastKnownFileType = sourcecode.c.h; path = macros_msa.h; sourceTree = "<group>"; };
		4559F48F24497CEA00525ADD /* row.h */ = {isa = PBXFileReference; fileEncoding = 4; lastKnownFileType = sourcecode.c.h; path = row.h; sourceTree = "<group>"; };
		45B14792236AECBF0043C54F /* AVCaptureSessionVideoRecorder.app */ = {isa = PBXFileReference; explicitFileType = wrapper.application; includeInIndex = 0; path = AVCaptureSessionVideoRecorder.app; sourceTree = BUILT_PRODUCTS_DIR; };
		45B14795236AECBF0043C54F /* AppDelegate.h */ = {isa = PBXFileReference; lastKnownFileType = sourcecode.c.h; path = AppDelegate.h; sourceTree = "<group>"; };
		45B14796236AECBF0043C54F /* AppDelegate.m */ = {isa = PBXFileReference; lastKnownFileType = sourcecode.c.objc; path = AppDelegate.m; sourceTree = "<group>"; };
		45B1479B236AECBF0043C54F /* ViewController.h */ = {isa = PBXFileReference; lastKnownFileType = sourcecode.c.h; path = ViewController.h; sourceTree = "<group>"; };
		45B1479C236AECBF0043C54F /* ViewController.m */ = {isa = PBXFileReference; lastKnownFileType = sourcecode.c.objc; path = ViewController.m; sourceTree = "<group>"; };
		45B1479F236AECBF0043C54F /* Base */ = {isa = PBXFileReference; lastKnownFileType = file.storyboard; name = Base; path = Base.lproj/Main.storyboard; sourceTree = "<group>"; };
		45B147A1236AECC00043C54F /* Assets.xcassets */ = {isa = PBXFileReference; lastKnownFileType = folder.assetcatalog; path = Assets.xcassets; sourceTree = "<group>"; };
		45B147A4236AECC00043C54F /* Base */ = {isa = PBXFileReference; lastKnownFileType = file.storyboard; name = Base; path = Base.lproj/LaunchScreen.storyboard; sourceTree = "<group>"; };
		45B147A6236AECC00043C54F /* Info.plist */ = {isa = PBXFileReference; lastKnownFileType = text.plist.xml; path = Info.plist; sourceTree = "<group>"; };
		45B147A7236AECC00043C54F /* main.m */ = {isa = PBXFileReference; lastKnownFileType = sourcecode.c.objc; path = main.m; sourceTree = "<group>"; };
		45D6625824474F6D00443672 /* video.fs */ = {isa = PBXFileReference; fileEncoding = 4; lastKnownFileType = sourcecode.glsl; path = video.fs; sourceTree = "<group>"; };
		45D6626124474F6D00443672 /* video.vs */ = {isa = PBXFileReference; fileEncoding = 4; lastKnownFileType = sourcecode.glsl; path = video.vs; sourceTree = "<group>"; };
		45D6626824474F9500443672 /* ZFOpenGLView.h */ = {isa = PBXFileReference; lastKnownFileType = sourcecode.c.h; path = ZFOpenGLView.h; sourceTree = "<group>"; };
		45D6626924474F9500443672 /* ZFOpenGLView.m */ = {isa = PBXFileReference; lastKnownFileType = sourcecode.c.objc; path = ZFOpenGLView.m; sourceTree = "<group>"; };
		45D6626B24474FAA00443672 /* ZFShader.h */ = {isa = PBXFileReference; lastKnownFileType = sourcecode.c.h; path = ZFShader.h; sourceTree = "<group>"; };
		45D6626C24474FAA00443672 /* ZFShader.m */ = {isa = PBXFileReference; lastKnownFileType = sourcecode.c.objc; path = ZFShader.m; sourceTree = "<group>"; };
		45F150682374505E00933E6A /* ZFVideoRecorder.h */ = {isa = PBXFileReference; lastKnownFileType = sourcecode.c.h; path = ZFVideoRecorder.h; sourceTree = "<group>"; };
		45F150692374505E00933E6A /* ZFVideoRecorder.m */ = {isa = PBXFileReference; lastKnownFileType = sourcecode.c.objc; path = ZFVideoRecorder.m; sourceTree = "<group>"; };
/* End PBXFileReference section */

/* Begin PBXFrameworksBuildPhase section */
		454312E1244B429300C9CFD8 /* Frameworks */ = {
			isa = PBXFrameworksBuildPhase;
			buildActionMask = 2147483647;
			files = (
				45431383244B4C6A00C9CFD8 /* liblibyuv.dylib in Frameworks */,
			);
			runOnlyForDeploymentPostprocessing = 0;
		};
		45431302244B4C0600C9CFD8 /* Frameworks */ = {
			isa = PBXFrameworksBuildPhase;
			buildActionMask = 2147483647;
			files = (
			);
			runOnlyForDeploymentPostprocessing = 0;
		};
		45B1478F236AECBF0043C54F /* Frameworks */ = {
			isa = PBXFrameworksBuildPhase;
			buildActionMask = 2147483647;
			files = (
			);
			runOnlyForDeploymentPostprocessing = 0;
		};
/* End PBXFrameworksBuildPhase section */

/* Begin PBXGroup section */
		454312E5244B429300C9CFD8 /* macOS */ = {
			isa = PBXGroup;
			children = (
				454312E6244B429300C9CFD8 /* AppDelegate.h */,
				454312E7244B429300C9CFD8 /* AppDelegate.m */,
				454312E9244B429300C9CFD8 /* ViewController.h */,
				454312EA244B429300C9CFD8 /* ViewController.m */,
				454312EC244B429400C9CFD8 /* Assets.xcassets */,
				454312EE244B429400C9CFD8 /* Main.storyboard */,
				454312F1244B429400C9CFD8 /* Info.plist */,
				454312F2244B429400C9CFD8 /* main.m */,
				454312F4244B429400C9CFD8 /* macOS.entitlements */,
			);
			path = macOS;
			sourceTree = "<group>";
		};
		454312FE244B44C700C9CFD8 /* Vendor */ = {
			isa = PBXGroup;
			children = (
				4559F44A24497CEA00525ADD /* libyuv */,
			);
			path = Vendor;
			sourceTree = "<group>";
		};
		45431305244B4C0600C9CFD8 /* libyuv */ = {
			isa = PBXGroup;
			children = (
				45431306244B4C0600C9CFD8 /* libyuv.h */,
				45431308244B4C0600C9CFD8 /* libyuv.m */,
			);
			path = libyuv;
			sourceTree = "<group>";
		};
		45431382244B4C6A00C9CFD8 /* Frameworks */ = {
			isa = PBXGroup;
			children = (
			);
			name = Frameworks;
			sourceTree = "<group>";
		};
		4559F44A24497CEA00525ADD /* libyuv */ = {
			isa = PBXGroup;
			children = (
				4559F44B24497CEA00525ADD /* compare_mmi.cc */,
				4559F44C24497CEA00525ADD /* rotate_common.cc */,
				4559F44D24497CEA00525ADD /* rotate_any.cc */,
				4559F44E24497CEA00525ADD /* rotate.cc */,
				4559F44F24497CEA00525ADD /* scale_row.h */,
				4559F45024497CEA00525ADD /* row_mmi.cc */,
				4559F45124497CEA00525ADD /* scale_gcc.cc */,
				4559F45224497CEA00525ADD /* scale.h */,
				4559F45324497CEA00525ADD /* libyuv.h */,
				4559F45424497CEA00525ADD /* convert_jpeg.cc */,
				4559F45524497CEA00525ADD /* version.h */,
				4559F45624497CEA00525ADD /* compare_win.cc */,
				4559F45724497CEA00525ADD /* cpu_id.h */,
				4559F45824497CEA00525ADD /* cpu_id.cc */,
				4559F45924497CEA00525ADD /* row_win.cc */,
				4559F45A24497CEA00525ADD /* mjpeg_decoder.cc */,
				4559F45B24497CEA00525ADD /* video_common.h */,
				4559F45C24497CEA00525ADD /* row_neon.cc */,
				4559F45D24497CEA00525ADD /* compare_row.h */,
				4559F45E24497CEA00525ADD /* rotate_neon64.cc */,
				4559F45F24497CEA00525ADD /* scale.cc */,
				4559F46024497CEA00525ADD /* compare.cc */,
				4559F46124497CEA00525ADD /* row_neon64.cc */,
				4559F46224497CEA00525ADD /* convert_from_argb.cc */,
				4559F46324497CEA00525ADD /* mjpeg_decoder.h */,
				4559F46424497CEA00525ADD /* rotate_row.h */,
				4559F46524497CEA00525ADD /* compare_msa.cc */,
				4559F46624497CEA00525ADD /* planar_functions.cc */,
				4559F46724497CEA00525ADD /* row_msa.cc */,
				4559F46824497CEA00525ADD /* convert_argb.cc */,
				4559F46924497CEA00525ADD /* row_common.cc */,
				4559F46A24497CEA00525ADD /* scale_any.cc */,
				4559F46B24497CEA00525ADD /* rotate_gcc.cc */,
				4559F46C24497CEA00525ADD /* convert.cc */,
				4559F46D24497CEA00525ADD /* convert_from.cc */,
				4559F46E24497CEA00525ADD /* scale_common.cc */,
				4559F46F24497CEA00525ADD /* planar_functions.h */,
				4559F47024497CEA00525ADD /* scale_argb.h */,
				4559F47124497CEA00525ADD /* rotate_mmi.cc */,
				4559F47224497CEA00525ADD /* compare.h */,
				4559F47324497CEA00525ADD /* row_any.cc */,
				4559F47424497CEA00525ADD /* convert_argb.h */,
				4559F47524497CEA00525ADD /* convert_to_argb.cc */,
				4559F47624497CEA00525ADD /* rotate.h */,
				4559F47724497CEA00525ADD /* compare_neon.cc */,
				4559F47824497CEA00525ADD /* rotate_win.cc */,
				4559F47924497CEA00525ADD /* convert_from_argb.h */,
				4559F47A24497CEA00525ADD /* scale_msa.cc */,
				4559F47B24497CEA00525ADD /* scale_neon64.cc */,
				4559F47C24497CEA00525ADD /* basic_types.h */,
				4559F47D24497CEA00525ADD /* mjpeg_validate.cc */,
				4559F47E24497CEA00525ADD /* convert_from.h */,
				4559F47F24497CEA00525ADD /* scale_win.cc */,
				4559F48024497CEA00525ADD /* compare_common.cc */,
				4559F48124497CEA00525ADD /* rotate_msa.cc */,
				4559F48224497CEA00525ADD /* scale_neon.cc */,
				4559F48324497CEA00525ADD /* convert.h */,
				4559F48424497CEA00525ADD /* rotate_neon.cc */,
				4559F48524497CEA00525ADD /* video_common.cc */,
				4559F48624497CEA00525ADD /* scale_mmi.cc */,
				4559F48724497CEA00525ADD /* rotate_argb.h */,
				4559F48824497CEA00525ADD /* convert_to_i420.cc */,
				4559F48924497CEA00525ADD /* row_gcc.cc */,
				4559F48A24497CEA00525ADD /* rotate_argb.cc */,
				4559F48B24497CEA00525ADD /* compare_gcc.cc */,
				4559F48C24497CEA00525ADD /* compare_neon64.cc */,
				4559F48D24497CEA00525ADD /* scale_argb.cc */,
				4559F48E24497CEA00525ADD /* macros_msa.h */,
				4559F48F24497CEA00525ADD /* row.h */,
			);
			path = libyuv;
			sourceTree = "<group>";
		};
		45B14789236AECBF0043C54F = {
			isa = PBXGroup;
			children = (
				454312FE244B44C700C9CFD8 /* Vendor */,
				45B14794236AECBF0043C54F /* AVCaptureSessionVideoRecorder */,
				454312E5244B429300C9CFD8 /* macOS */,
				45431305244B4C0600C9CFD8 /* libyuv */,
				45B14793236AECBF0043C54F /* Products */,
				454312C7244B415E00C9CFD8 /* AVCaptureSessionVideoRecorder copy-Info.plist */,
				45431382244B4C6A00C9CFD8 /* Frameworks */,
			);
			sourceTree = "<group>";
		};
		45B14793236AECBF0043C54F /* Products */ = {
			isa = PBXGroup;
			children = (
				45B14792236AECBF0043C54F /* AVCaptureSessionVideoRecorder.app */,
				454312E4244B429300C9CFD8 /* macOS.app */,
				45431304244B4C0600C9CFD8 /* liblibyuv.dylib */,
			);
			name = Products;
			sourceTree = "<group>";
		};
		45B14794236AECBF0043C54F /* AVCaptureSessionVideoRecorder */ = {
			isa = PBXGroup;
			children = (
				45D6625724474F6D00443672 /* OpenGL */,
				45B14795236AECBF0043C54F /* AppDelegate.h */,
				45B14796236AECBF0043C54F /* AppDelegate.m */,
				45B1479B236AECBF0043C54F /* ViewController.h */,
				45B1479C236AECBF0043C54F /* ViewController.m */,
				45B1479E236AECBF0043C54F /* Main.storyboard */,
				45B147A1236AECC00043C54F /* Assets.xcassets */,
				45B147A3236AECC00043C54F /* LaunchScreen.storyboard */,
				45B147A6236AECC00043C54F /* Info.plist */,
				45B147A7236AECC00043C54F /* main.m */,
				45F150682374505E00933E6A /* ZFVideoRecorder.h */,
				45F150692374505E00933E6A /* ZFVideoRecorder.m */,
				452B015E237E4C84000FCE44 /* ZFPreviewView.h */,
				452B015F237E4C84000FCE44 /* ZFPreviewView.m */,
			);
			path = AVCaptureSessionVideoRecorder;
			sourceTree = "<group>";
		};
		45D6625724474F6D00443672 /* OpenGL */ = {
			isa = PBXGroup;
			children = (
				45D6625824474F6D00443672 /* video.fs */,
				45D6626124474F6D00443672 /* video.vs */,
				45D6626824474F9500443672 /* ZFOpenGLView.h */,
				45D6626924474F9500443672 /* ZFOpenGLView.m */,
				45D6626B24474FAA00443672 /* ZFShader.h */,
				45D6626C24474FAA00443672 /* ZFShader.m */,
			);
			path = OpenGL;
			sourceTree = "<group>";
		};
/* End PBXGroup section */

/* Begin PBXHeadersBuildPhase section */
		45431300244B4C0600C9CFD8 /* Headers */ = {
			isa = PBXHeadersBuildPhase;
			buildActionMask = 2147483647;
			files = (
				45431307244B4C0600C9CFD8 /* libyuv.h in Headers */,
			);
			runOnlyForDeploymentPostprocessing = 0;
		};
/* End PBXHeadersBuildPhase section */

/* Begin PBXNativeTarget section */
		454312E3244B429300C9CFD8 /* macOS */ = {
			isa = PBXNativeTarget;
			buildConfigurationList = 454312F5244B429400C9CFD8 /* Build configuration list for PBXNativeTarget "macOS" */;
			buildPhases = (
				454312E0244B429300C9CFD8 /* Sources */,
				454312E1244B429300C9CFD8 /* Frameworks */,
				454312E2244B429300C9CFD8 /* Resources */,
			);
			buildRules = (
			);
			dependencies = (
			);
			name = macOS;
			productName = macOS;
			productReference = 454312E4244B429300C9CFD8 /* macOS.app */;
			productType = "com.apple.product-type.application";
		};
		45431303244B4C0600C9CFD8 /* libyuv */ = {
			isa = PBXNativeTarget;
			buildConfigurationList = 4543130A244B4C0600C9CFD8 /* Build configuration list for PBXNativeTarget "libyuv" */;
			buildPhases = (
				45431300244B4C0600C9CFD8 /* Headers */,
				45431301244B4C0600C9CFD8 /* Sources */,
				45431302244B4C0600C9CFD8 /* Frameworks */,
			);
			buildRules = (
			);
			dependencies = (
			);
			name = libyuv;
			productName = libyuv;
			productReference = 45431304244B4C0600C9CFD8 /* liblibyuv.dylib */;
			productType = "com.apple.product-type.library.dynamic";
		};
		45B14791236AECBF0043C54F /* AVCaptureSessionVideoRecorder */ = {
			isa = PBXNativeTarget;
			buildConfigurationList = 45B147AB236AECC00043C54F /* Build configuration list for PBXNativeTarget "AVCaptureSessionVideoRecorder" */;
			buildPhases = (
				45B1478E236AECBF0043C54F /* Sources */,
				45B1478F236AECBF0043C54F /* Frameworks */,
				45B14790236AECBF0043C54F /* Resources */,
			);
			buildRules = (
			);
			dependencies = (
			);
			name = AVCaptureSessionVideoRecorder;
			productName = AVCaptureSessionVideoRecorder;
			productReference = 45B14792236AECBF0043C54F /* AVCaptureSessionVideoRecorder.app */;
			productType = "com.apple.product-type.application";
		};
/* End PBXNativeTarget section */

/* Begin PBXProject section */
		45B1478A236AECBF0043C54F /* Project object */ = {
			isa = PBXProject;
			attributes = {
				LastUpgradeCheck = 1110;
				ORGANIZATIONNAME = "钟凡";
				TargetAttributes = {
					454312E3244B429300C9CFD8 = {
						CreatedOnToolsVersion = 11.3.1;
					};
					45431303244B4C0600C9CFD8 = {
						CreatedOnToolsVersion = 11.3.1;
					};
					45B14791236AECBF0043C54F = {
						CreatedOnToolsVersion = 11.1;
					};
				};
			};
			buildConfigurationList = 45B1478D236AECBF0043C54F /* Build configuration list for PBXProject "AVCaptureSessionVideoRecorder" */;
			compatibilityVersion = "Xcode 9.3";
			developmentRegion = en;
			hasScannedForEncodings = 0;
			knownRegions = (
				en,
				Base,
			);
			mainGroup = 45B14789236AECBF0043C54F;
			productRefGroup = 45B14793236AECBF0043C54F /* Products */;
			projectDirPath = "";
			projectRoot = "";
			targets = (
				45B14791236AECBF0043C54F /* AVCaptureSessionVideoRecorder */,
				454312E3244B429300C9CFD8 /* macOS */,
				45431303244B4C0600C9CFD8 /* libyuv */,
			);
		};
/* End PBXProject section */

/* Begin PBXResourcesBuildPhase section */
		454312E2244B429300C9CFD8 /* Resources */ = {
			isa = PBXResourcesBuildPhase;
			buildActionMask = 2147483647;
			files = (
				454312ED244B429400C9CFD8 /* Assets.xcassets in Resources */,
				454312F0244B429400C9CFD8 /* Main.storyboard in Resources */,
				454312FC244B43F400C9CFD8 /* video.vs in Resources */,
				454312FB244B43F400C9CFD8 /* video.fs in Resources */,
			);
			runOnlyForDeploymentPostprocessing = 0;
		};
		45B14790236AECBF0043C54F /* Resources */ = {
			isa = PBXResourcesBuildPhase;
			buildActionMask = 2147483647;
			files = (
				45B147A5236AECC00043C54F /* LaunchScreen.storyboard in Resources */,
				45B147A2236AECC00043C54F /* Assets.xcassets in Resources */,
				45D6626224474F6D00443672 /* video.fs in Resources */,
				45B147A0236AECBF0043C54F /* Main.storyboard in Resources */,
				45D6626724474F6D00443672 /* video.vs in Resources */,
			);
			runOnlyForDeploymentPostprocessing = 0;
		};
/* End PBXResourcesBuildPhase section */

/* Begin PBXSourcesBuildPhase section */
		454312E0244B429300C9CFD8 /* Sources */ = {
			isa = PBXSourcesBuildPhase;
			buildActionMask = 2147483647;
			files = (
				454312EB244B429300C9CFD8 /* ViewController.m in Sources */,
				454312FF244B4B8400C9CFD8 /* ZFVideoRecorder.m in Sources */,
				454312F3244B429400C9CFD8 /* main.m in Sources */,
				454312E8244B429300C9CFD8 /* AppDelegate.m in Sources */,
			);
			runOnlyForDeploymentPostprocessing = 0;
		};
		45431301244B4C0600C9CFD8 /* Sources */ = {
			isa = PBXSourcesBuildPhase;
			buildActionMask = 2147483647;
			files = (
				45431352244B4C4000C9CFD8 /* compare_mmi.cc in Sources */,
				45431353244B4C4000C9CFD8 /* rotate_common.cc in Sources */,
				45431354244B4C4000C9CFD8 /* rotate_any.cc in Sources */,
				45431355244B4C4000C9CFD8 /* rotate.cc in Sources */,
				45431356244B4C4000C9CFD8 /* row_mmi.cc in Sources */,
				45431357244B4C4000C9CFD8 /* scale_gcc.cc in Sources */,
				45431358244B4C4000C9CFD8 /* convert_jpeg.cc in Sources */,
				45431359244B4C4000C9CFD8 /* compare_win.cc in Sources */,
				4543135A244B4C4000C9CFD8 /* cpu_id.cc in Sources */,
				4543135B244B4C4000C9CFD8 /* row_win.cc in Sources */,
				4543135C244B4C4000C9CFD8 /* mjpeg_decoder.cc in Sources */,
				4543135D244B4C4000C9CFD8 /* row_neon.cc in Sources */,
				4543135E244B4C4000C9CFD8 /* rotate_neon64.cc in Sources */,
				4543135F244B4C4000C9CFD8 /* scale.cc in Sources */,
				45431360244B4C4000C9CFD8 /* compare.cc in Sources */,
				45431361244B4C4000C9CFD8 /* row_neon64.cc in Sources */,
				45431362244B4C4000C9CFD8 /* convert_from_argb.cc in Sources */,
				45431363244B4C4000C9CFD8 /* compare_msa.cc in Sources */,
				45431364244B4C4000C9CFD8 /* planar_functions.cc in Sources */,
				45431365244B4C4000C9CFD8 /* row_msa.cc in Sources */,
				45431366244B4C4000C9CFD8 /* convert_argb.cc in Sources */,
				45431367244B4C4000C9CFD8 /* row_common.cc in Sources */,
				45431368244B4C4000C9CFD8 /* scale_any.cc in Sources */,
				45431369244B4C4000C9CFD8 /* rotate_gcc.cc in Sources */,
				4543136A244B4C4000C9CFD8 /* convert.cc in Sources */,
				4543136B244B4C4000C9CFD8 /* convert_from.cc in Sources */,
				4543136C244B4C4000C9CFD8 /* scale_common.cc in Sources */,
				4543136D244B4C4000C9CFD8 /* rotate_mmi.cc in Sources */,
				4543136E244B4C4000C9CFD8 /* row_any.cc in Sources */,
				4543136F244B4C4000C9CFD8 /* convert_to_argb.cc in Sources */,
				45431370244B4C4000C9CFD8 /* compare_neon.cc in Sources */,
				45431371244B4C4000C9CFD8 /* rotate_win.cc in Sources */,
				45431372244B4C4000C9CFD8 /* scale_msa.cc in Sources */,
				45431373244B4C4000C9CFD8 /* scale_neon64.cc in Sources */,
				45431374244B4C4000C9CFD8 /* mjpeg_validate.cc in Sources */,
				45431375244B4C4000C9CFD8 /* scale_win.cc in Sources */,
				45431376244B4C4000C9CFD8 /* compare_common.cc in Sources */,
				45431377244B4C4000C9CFD8 /* rotate_msa.cc in Sources */,
				45431378244B4C4000C9CFD8 /* scale_neon.cc in Sources */,
				45431379244B4C4000C9CFD8 /* rotate_neon.cc in Sources */,
				4543137A244B4C4000C9CFD8 /* video_common.cc in Sources */,
				4543137B244B4C4000C9CFD8 /* scale_mmi.cc in Sources */,
				4543137C244B4C4000C9CFD8 /* convert_to_i420.cc in Sources */,
				4543137D244B4C4000C9CFD8 /* row_gcc.cc in Sources */,
				4543137E244B4C4000C9CFD8 /* rotate_argb.cc in Sources */,
				4543137F244B4C4000C9CFD8 /* compare_gcc.cc in Sources */,
				45431380244B4C4000C9CFD8 /* compare_neon64.cc in Sources */,
				45431381244B4C4000C9CFD8 /* scale_argb.cc in Sources */,
			);
			runOnlyForDeploymentPostprocessing = 0;
		};
		45B1478E236AECBF0043C54F /* Sources */ = {
			isa = PBXSourcesBuildPhase;
			buildActionMask = 2147483647;
			files = (
				4559F4AE24497CEA00525ADD /* compare_neon.cc in Sources */,
				4559F49424497CEA00525ADD /* row_mmi.cc in Sources */,
				4559F4A524497CEA00525ADD /* row_common.cc in Sources */,
				4559F4A224497CEA00525ADD /* planar_functions.cc in Sources */,
				4559F4BD24497CEA00525ADD /* compare_gcc.cc in Sources */,
				4559F4B624497CEA00525ADD /* scale_neon.cc in Sources */,
				4559F4B424497CEA00525ADD /* compare_common.cc in Sources */,
				4559F4BE24497CEA00525ADD /* compare_neon64.cc in Sources */,
				4559F49224497CEA00525ADD /* rotate_any.cc in Sources */,
				4559F4B024497CEA00525ADD /* scale_msa.cc in Sources */,
				4559F4B124497CEA00525ADD /* scale_neon64.cc in Sources */,
				4559F49724497CEA00525ADD /* compare_win.cc in Sources */,
				4559F49524497CEA00525ADD /* scale_gcc.cc in Sources */,
				4559F4AA24497CEA00525ADD /* scale_common.cc in Sources */,
				4559F4AC24497CEA00525ADD /* row_any.cc in Sources */,
				4559F49B24497CEA00525ADD /* row_neon.cc in Sources */,
				4559F4B224497CEA00525ADD /* mjpeg_validate.cc in Sources */,
				4559F4B524497CEA00525ADD /* rotate_msa.cc in Sources */,
				4559F4A424497CEA00525ADD /* convert_argb.cc in Sources */,
				4559F49024497CEA00525ADD /* compare_mmi.cc in Sources */,
				4559F49C24497CEA00525ADD /* rotate_neon64.cc in Sources */,
				4559F4A324497CEA00525ADD /* row_msa.cc in Sources */,
				4559F4BF24497CEA00525ADD /* scale_argb.cc in Sources */,
				4559F4BB24497CEA00525ADD /* row_gcc.cc in Sources */,
				4559F49E24497CEA00525ADD /* compare.cc in Sources */,
				4559F49324497CEA00525ADD /* rotate.cc in Sources */,
				4559F49624497CEA00525ADD /* convert_jpeg.cc in Sources */,
				4559F4A624497CEA00525ADD /* scale_any.cc in Sources */,
				4559F4BC24497CEA00525ADD /* rotate_argb.cc in Sources */,
				45B1479D236AECBF0043C54F /* ViewController.m in Sources */,
				4559F4AD24497CEA00525ADD /* convert_to_argb.cc in Sources */,
				4559F4A124497CEA00525ADD /* compare_msa.cc in Sources */,
				4559F4A024497CEA00525ADD /* convert_from_argb.cc in Sources */,
				4559F4A724497CEA00525ADD /* rotate_gcc.cc in Sources */,
				4559F4AF24497CEA00525ADD /* rotate_win.cc in Sources */,
				4559F49824497CEA00525ADD /* cpu_id.cc in Sources */,
				45B14797236AECBF0043C54F /* AppDelegate.m in Sources */,
				4559F4A924497CEA00525ADD /* convert_from.cc in Sources */,
				452B0160237E4C84000FCE44 /* ZFPreviewView.m in Sources */,
				4559F4A824497CEA00525ADD /* convert.cc in Sources */,
				4559F4B824497CEA00525ADD /* video_common.cc in Sources */,
				4559F4B924497CEA00525ADD /* scale_mmi.cc in Sources */,
				45B147A8236AECC00043C54F /* main.m in Sources */,
				4559F49124497CEA00525ADD /* rotate_common.cc in Sources */,
				4559F49A24497CEA00525ADD /* mjpeg_decoder.cc in Sources */,
				4559F4BA24497CEA00525ADD /* convert_to_i420.cc in Sources */,
				4559F49924497CEA00525ADD /* row_win.cc in Sources */,
				45D6626A24474F9500443672 /* ZFOpenGLView.m in Sources */,
				4559F4B724497CEA00525ADD /* rotate_neon.cc in Sources */,
				4559F49D24497CEA00525ADD /* scale.cc in Sources */,
				4559F49F24497CEA00525ADD /* row_neon64.cc in Sources */,
				45D6626D24474FAA00443672 /* ZFShader.m in Sources */,
				4559F4B324497CEA00525ADD /* scale_win.cc in Sources */,
				4559F4AB24497CEA00525ADD /* rotate_mmi.cc in Sources */,
				45F1506A2374505E00933E6A /* ZFVideoRecorder.m in Sources */,
			);
			runOnlyForDeploymentPostprocessing = 0;
		};
/* End PBXSourcesBuildPhase section */

/* Begin PBXVariantGroup section */
		454312EE244B429400C9CFD8 /* Main.storyboard */ = {
			isa = PBXVariantGroup;
			children = (
				454312EF244B429400C9CFD8 /* Base */,
			);
			name = Main.storyboard;
			sourceTree = "<group>";
		};
		45B1479E236AECBF0043C54F /* Main.storyboard */ = {
			isa = PBXVariantGroup;
			children = (
				45B1479F236AECBF0043C54F /* Base */,
			);
			name = Main.storyboard;
			sourceTree = "<group>";
		};
		45B147A3236AECC00043C54F /* LaunchScreen.storyboard */ = {
			isa = PBXVariantGroup;
			children = (
				45B147A4236AECC00043C54F /* Base */,
			);
			name = LaunchScreen.storyboard;
			sourceTree = "<group>";
		};
/* End PBXVariantGroup section */

/* Begin XCBuildConfiguration section */
		454312F6244B429400C9CFD8 /* Debug */ = {
			isa = XCBuildConfiguration;
			buildSettings = {
				ASSETCATALOG_COMPILER_APPICON_NAME = AppIcon;
				CODE_SIGN_ENTITLEMENTS = macOS/macOS.entitlements;
				CODE_SIGN_STYLE = Automatic;
				COMBINE_HIDPI_IMAGES = YES;
				DEVELOPMENT_TEAM = 356ESZ72J9;
				ENABLE_HARDENED_RUNTIME = YES;
				HEADER_SEARCH_PATHS = "\"$(SRCROOT)/Vendor\"";
				INFOPLIST_FILE = macOS/Info.plist;
				LD_RUNPATH_SEARCH_PATHS = (
					"$(inherited)",
					"@executable_path/../Frameworks",
				);
				MACOSX_DEPLOYMENT_TARGET = 10.15;
				PRODUCT_BUNDLE_IDENTIFIER = zf.macOS;
				PRODUCT_NAME = "$(TARGET_NAME)";
				SDKROOT = macosx;
			};
			name = Debug;
		};
		454312F7244B429400C9CFD8 /* Release */ = {
			isa = XCBuildConfiguration;
			buildSettings = {
				ASSETCATALOG_COMPILER_APPICON_NAME = AppIcon;
				CODE_SIGN_ENTITLEMENTS = macOS/macOS.entitlements;
				CODE_SIGN_STYLE = Automatic;
				COMBINE_HIDPI_IMAGES = YES;
				DEVELOPMENT_TEAM = 356ESZ72J9;
				ENABLE_HARDENED_RUNTIME = YES;
				HEADER_SEARCH_PATHS = "\"$(SRCROOT)/Vendor\"";
				INFOPLIST_FILE = macOS/Info.plist;
				LD_RUNPATH_SEARCH_PATHS = (
					"$(inherited)",
					"@executable_path/../Frameworks",
				);
				MACOSX_DEPLOYMENT_TARGET = 10.15;
				PRODUCT_BUNDLE_IDENTIFIER = zf.macOS;
				PRODUCT_NAME = "$(TARGET_NAME)";
				SDKROOT = macosx;
			};
			name = Release;
		};
		4543130B244B4C0600C9CFD8 /* Debug */ = {
			isa = XCBuildConfiguration;
			buildSettings = {
				CODE_SIGN_STYLE = Automatic;
				DEVELOPMENT_TEAM = 356ESZ72J9;
				DYLIB_COMPATIBILITY_VERSION = 1;
				DYLIB_CURRENT_VERSION = 1;
				EXECUTABLE_PREFIX = lib;
				HEADER_SEARCH_PATHS = "\"$(SRCROOT)/Vendor\"";
				MACOSX_DEPLOYMENT_TARGET = 10.15;
				PRODUCT_NAME = "$(TARGET_NAME)";
				SDKROOT = macosx;
				SKIP_INSTALL = YES;
			};
			name = Debug;
		};
		4543130C244B4C0600C9CFD8 /* Release */ = {
			isa = XCBuildConfiguration;
			buildSettings = {
				CODE_SIGN_STYLE = Automatic;
				DEVELOPMENT_TEAM = 356ESZ72J9;
				DYLIB_COMPATIBILITY_VERSION = 1;
				DYLIB_CURRENT_VERSION = 1;
				EXECUTABLE_PREFIX = lib;
				HEADER_SEARCH_PATHS = "\"$(SRCROOT)/Vendor\"";
				MACOSX_DEPLOYMENT_TARGET = 10.15;
				PRODUCT_NAME = "$(TARGET_NAME)";
				SDKROOT = macosx;
				SKIP_INSTALL = YES;
			};
			name = Release;
		};
		45B147A9236AECC00043C54F /* Debug */ = {
			isa = XCBuildConfiguration;
			buildSettings = {
				ALWAYS_SEARCH_USER_PATHS = NO;
				CLANG_ANALYZER_NONNULL = YES;
				CLANG_ANALYZER_NUMBER_OBJECT_CONVERSION = YES_AGGRESSIVE;
				CLANG_CXX_LANGUAGE_STANDARD = "gnu++14";
				CLANG_CXX_LIBRARY = "libc++";
				CLANG_ENABLE_MODULES = YES;
				CLANG_ENABLE_OBJC_ARC = YES;
				CLANG_ENABLE_OBJC_WEAK = YES;
				CLANG_WARN_BLOCK_CAPTURE_AUTORELEASING = YES;
				CLANG_WARN_BOOL_CONVERSION = YES;
				CLANG_WARN_COMMA = YES;
				CLANG_WARN_CONSTANT_CONVERSION = YES;
				CLANG_WARN_DEPRECATED_OBJC_IMPLEMENTATIONS = YES;
				CLANG_WARN_DIRECT_OBJC_ISA_USAGE = YES_ERROR;
				CLANG_WARN_DOCUMENTATION_COMMENTS = YES;
				CLANG_WARN_EMPTY_BODY = YES;
				CLANG_WARN_ENUM_CONVERSION = YES;
				CLANG_WARN_INFINITE_RECURSION = YES;
				CLANG_WARN_INT_CONVERSION = YES;
				CLANG_WARN_NON_LITERAL_NULL_CONVERSION = YES;
				CLANG_WARN_OBJC_IMPLICIT_RETAIN_SELF = YES;
				CLANG_WARN_OBJC_LITERAL_CONVERSION = YES;
				CLANG_WARN_OBJC_ROOT_CLASS = YES_ERROR;
				CLANG_WARN_RANGE_LOOP_ANALYSIS = YES;
				CLANG_WARN_STRICT_PROTOTYPES = YES;
				CLANG_WARN_SUSPICIOUS_MOVE = YES;
				CLANG_WARN_UNGUARDED_AVAILABILITY = YES_AGGRESSIVE;
				CLANG_WARN_UNREACHABLE_CODE = YES;
				CLANG_WARN__DUPLICATE_METHOD_MATCH = YES;
				COPY_PHASE_STRIP = NO;
				DEBUG_INFORMATION_FORMAT = dwarf;
				ENABLE_STRICT_OBJC_MSGSEND = YES;
				ENABLE_TESTABILITY = YES;
				GCC_C_LANGUAGE_STANDARD = gnu11;
				GCC_DYNAMIC_NO_PIC = NO;
				GCC_NO_COMMON_BLOCKS = YES;
				GCC_OPTIMIZATION_LEVEL = 0;
				GCC_PREPROCESSOR_DEFINITIONS = (
					"DEBUG=1",
					"$(inherited)",
				);
				GCC_WARN_64_TO_32_BIT_CONVERSION = YES;
				GCC_WARN_ABOUT_RETURN_TYPE = YES_ERROR;
				GCC_WARN_UNDECLARED_SELECTOR = YES;
				GCC_WARN_UNINITIALIZED_AUTOS = YES_AGGRESSIVE;
				GCC_WARN_UNUSED_FUNCTION = YES;
				GCC_WARN_UNUSED_VARIABLE = YES;
				IPHONEOS_DEPLOYMENT_TARGET = 13.1;
				MTL_ENABLE_DEBUG_INFO = INCLUDE_SOURCE;
				MTL_FAST_MATH = YES;
				ONLY_ACTIVE_ARCH = YES;
				SDKROOT = iphoneos;
			};
			name = Debug;
		};
		45B147AA236AECC00043C54F /* Release */ = {
			isa = XCBuildConfiguration;
			buildSettings = {
				ALWAYS_SEARCH_USER_PATHS = NO;
				CLANG_ANALYZER_NONNULL = YES;
				CLANG_ANALYZER_NUMBER_OBJECT_CONVERSION = YES_AGGRESSIVE;
				CLANG_CXX_LANGUAGE_STANDARD = "gnu++14";
				CLANG_CXX_LIBRARY = "libc++";
				CLANG_ENABLE_MODULES = YES;
				CLANG_ENABLE_OBJC_ARC = YES;
				CLANG_ENABLE_OBJC_WEAK = YES;
				CLANG_WARN_BLOCK_CAPTURE_AUTORELEASING = YES;
				CLANG_WARN_BOOL_CONVERSION = YES;
				CLANG_WARN_COMMA = YES;
				CLANG_WARN_CONSTANT_CONVERSION = YES;
				CLANG_WARN_DEPRECATED_OBJC_IMPLEMENTATIONS = YES;
				CLANG_WARN_DIRECT_OBJC_ISA_USAGE = YES_ERROR;
				CLANG_WARN_DOCUMENTATION_COMMENTS = YES;
				CLANG_WARN_EMPTY_BODY = YES;
				CLANG_WARN_ENUM_CONVERSION = YES;
				CLANG_WARN_INFINITE_RECURSION = YES;
				CLANG_WARN_INT_CONVERSION = YES;
				CLANG_WARN_NON_LITERAL_NULL_CONVERSION = YES;
				CLANG_WARN_OBJC_IMPLICIT_RETAIN_SELF = YES;
				CLANG_WARN_OBJC_LITERAL_CONVERSION = YES;
				CLANG_WARN_OBJC_ROOT_CLASS = YES_ERROR;
				CLANG_WARN_RANGE_LOOP_ANALYSIS = YES;
				CLANG_WARN_STRICT_PROTOTYPES = YES;
				CLANG_WARN_SUSPICIOUS_MOVE = YES;
				CLANG_WARN_UNGUARDED_AVAILABILITY = YES_AGGRESSIVE;
				CLANG_WARN_UNREACHABLE_CODE = YES;
				CLANG_WARN__DUPLICATE_METHOD_MATCH = YES;
				COPY_PHASE_STRIP = NO;
				DEBUG_INFORMATION_FORMAT = "dwarf-with-dsym";
				ENABLE_NS_ASSERTIONS = NO;
				ENABLE_STRICT_OBJC_MSGSEND = YES;
				GCC_C_LANGUAGE_STANDARD = gnu11;
				GCC_NO_COMMON_BLOCKS = YES;
				GCC_WARN_64_TO_32_BIT_CONVERSION = YES;
				GCC_WARN_ABOUT_RETURN_TYPE = YES_ERROR;
				GCC_WARN_UNDECLARED_SELECTOR = YES;
				GCC_WARN_UNINITIALIZED_AUTOS = YES_AGGRESSIVE;
				GCC_WARN_UNUSED_FUNCTION = YES;
				GCC_WARN_UNUSED_VARIABLE = YES;
				IPHONEOS_DEPLOYMENT_TARGET = 13.1;
				MTL_ENABLE_DEBUG_INFO = NO;
				MTL_FAST_MATH = YES;
				SDKROOT = iphoneos;
				VALIDATE_PRODUCT = YES;
			};
			name = Release;
		};
		45B147AC236AECC00043C54F /* Debug */ = {
			isa = XCBuildConfiguration;
			buildSettings = {
				ASSETCATALOG_COMPILER_APPICON_NAME = AppIcon;
				CODE_SIGN_STYLE = Automatic;
				DEVELOPMENT_TEAM = VB8MVMJBU4;
				HEADER_SEARCH_PATHS = "\"$(SRCROOT)/Vendor\"";
				INFOPLIST_FILE = AVCaptureSessionVideoRecorder/Info.plist;
				IPHONEOS_DEPLOYMENT_TARGET = 9.0;
				LD_RUNPATH_SEARCH_PATHS = (
					"$(inherited)",
					"@executable_path/Frameworks",
				);
				PRODUCT_BUNDLE_IDENTIFIER = zf.AVCaptureSessionVideoRecorder;
				PRODUCT_NAME = "$(TARGET_NAME)";
				SDKROOT = iphoneos;
				TARGETED_DEVICE_FAMILY = "1,2";
			};
			name = Debug;
		};
		45B147AD236AECC00043C54F /* Release */ = {
			isa = XCBuildConfiguration;
			buildSettings = {
				ASSETCATALOG_COMPILER_APPICON_NAME = AppIcon;
				CODE_SIGN_STYLE = Automatic;
				DEVELOPMENT_TEAM = VB8MVMJBU4;
				HEADER_SEARCH_PATHS = "\"$(SRCROOT)/Vendor\"";
				INFOPLIST_FILE = AVCaptureSessionVideoRecorder/Info.plist;
				IPHONEOS_DEPLOYMENT_TARGET = 9.0;
				LD_RUNPATH_SEARCH_PATHS = (
					"$(inherited)",
					"@executable_path/Frameworks",
				);
				PRODUCT_BUNDLE_IDENTIFIER = zf.AVCaptureSessionVideoRecorder;
				PRODUCT_NAME = "$(TARGET_NAME)";
				SDKROOT = iphoneos;
				TARGETED_DEVICE_FAMILY = "1,2";
			};
			name = Release;
		};
/* End XCBuildConfiguration section */

/* Begin XCConfigurationList section */
		454312F5244B429400C9CFD8 /* Build configuration list for PBXNativeTarget "macOS" */ = {
			isa = XCConfigurationList;
			buildConfigurations = (
				454312F6244B429400C9CFD8 /* Debug */,
				454312F7244B429400C9CFD8 /* Release */,
			);
			defaultConfigurationIsVisible = 0;
			defaultConfigurationName = Release;
		};
		4543130A244B4C0600C9CFD8 /* Build configuration list for PBXNativeTarget "libyuv" */ = {
			isa = XCConfigurationList;
			buildConfigurations = (
				4543130B244B4C0600C9CFD8 /* Debug */,
				4543130C244B4C0600C9CFD8 /* Release */,
			);
			defaultConfigurationIsVisible = 0;
			defaultConfigurationName = Release;
		};
		45B1478D236AECBF0043C54F /* Build configuration list for PBXProject "AVCaptureSessionVideoRecorder" */ = {
			isa = XCConfigurationList;
			buildConfigurations = (
				45B147A9236AECC00043C54F /* Debug */,
				45B147AA236AECC00043C54F /* Release */,
			);
			defaultConfigurationIsVisible = 0;
			defaultConfigurationName = Release;
		};
		45B147AB236AECC00043C54F /* Build configuration list for PBXNativeTarget "AVCaptureSessionVideoRecorder" */ = {
			isa = XCConfigurationList;
			buildConfigurations = (
				45B147AC236AECC00043C54F /* Debug */,
				45B147AD236AECC00043C54F /* Release */,
			);
			defaultConfigurationIsVisible = 0;
			defaultConfigurationName = Release;
		};
/* End XCConfigurationList section */
	};
	rootObject = 45B1478A236AECBF0043C54F /* Project object */;
}
